
Microsoft Visual Studio Solution File, Format Version 12.00
# Visual Studio Version 17
VisualStudioVersion = 17.0.31903.59
MinimumVisualStudioVersion = 10.0.40219.1
Project("{FAE04EC0-301F-11D3-BF4B-00C04F79EFBC}") = "Promaker", "Promaker\Promaker.csproj", "{59A0147F-C92E-4C12-B80E-A0A7373D9196}"
EndProject
Project("{2150E333-8FDC-42A3-9474-1A3956D46DE8}") = "Core", "Core", "{FBF56CC3-7AE6-AD2D-3F14-7F97FD322CD6}"
EndProject
Project("{F2A71F9B-5D33-465A-A702-920D77279786}") = "Ds2.Core", "..\..\external\ds2\Solutions\Core\Ds2.Core\Ds2.Core.fsproj", "{7172C7AF-7FDB-41F9-9100-6448B9C3FFC8}"
EndProject
Project("{F2A71F9B-5D33-465A-A702-920D77279786}") = "Ds2.Editor", "..\..\Solutions\Core\Ds2.Editor\Ds2.Editor.fsproj", "{7E5A8D3C-4B7F-4C61-9F71-1B313A2D4E90}"
EndProject
Project("{2150E333-8FDC-42A3-9474-1A3956D46DE8}") = "Convert", "Convert", "{32D75892-898E-D609-233A-CF2C4E30EFFC}"
EndProject
Project("{F2A71F9B-5D33-465A-A702-920D77279786}") = "Ds2.Aasx", "..\..\external\ds2\Solutions\Convert\Ds2.Aasx\Ds2.Aasx.fsproj", "{C6CAEC50-CAF0-404E-87C1-5AB1EF398DF0}"
EndProject
Project("{F2A71F9B-5D33-465A-A702-920D77279786}") = "Ds2.Runtime", "..\..\external\ds2\Solutions\Runtime\Ds2.Runtime\Ds2.Runtime.fsproj", "{4A6CDC1D-3972-F3A5-D5F7-4ACC5ECE9803}"
EndProject
Project("{F2A71F9B-5D33-465A-A702-920D77279786}") = "Ds2.Runtime.Report", "..\..\external\ds2\Solutions\Runtime\Ds2.Runtime.Report\Ds2.Runtime.Report.fsproj", "{80976CB2-9D58-87AA-3C9E-EC28CD9E20B1}"
EndProject
Project("{2150E333-8FDC-42A3-9474-1A3956D46DE8}") = "Runtime", "Runtime", "{C8D5274F-AC00-46C7-1F8D-E88E81087A52}"
EndProject
Project("{F2A71F9B-5D33-465A-A702-920D77279786}") = "Ds2.Mermaid", "..\..\external\ds2\Solutions\Convert\Ds2.Mermaid\Ds2.Mermaid.fsproj", "{1F7E5C8F-437E-53BA-46B6-38C96E39DEB0}"
EndProject
Project("{F2A71F9B-5D33-465A-A702-920D77279786}") = "Ds2.CSV", "..\..\external\ds2\Solutions\Convert\Ds2.CSV\Ds2.CSV.fsproj", "{B3781C96-464C-4F4C-8BD8-9BBEDEF01BA3}"
EndProject
Project("{F2A71F9B-5D33-465A-A702-920D77279786}") = "Ds2.IOList", "..\..\Solutions\Convert\Ds2.IOList\Ds2.IOList.fsproj", "{E9D3E8B5-B450-B801-DDAA-C372BC03EC07}"
EndProject
Project("{F2A71F9B-5D33-465A-A702-920D77279786}") = "Ds2.View3D.Core", "..\..\Solutions\View\Ds2.View3D\Ds2.View3D.Core\Ds2.View3D.Core.fsproj", "{B2C3D4E5-F6A7-4890-B2C3-D4E5F6A78901}"
EndProject
Project("{FAE04EC0-301F-11D3-BF4B-00C04F79EFBC}") = "Promaker.Tests", "..\..\Solutions\Tests\Promaker.Tests\Promaker.Tests.csproj", "{D53E9672-CC23-4D56-98AF-6A605E8C2460}"
EndProject
Project("{F2A71F9B-5D33-465A-A702-920D77279786}") = "Ds2.Text", "..\..\external\ds2\Solutions\Convert\Ds2.Text\Ds2.Text.fsproj", "{361CDEA6-9827-4676-893C-72DE2C2312CC}"
EndProject
Project("{2150E333-8FDC-42A3-9474-1A3956D46DE8}") = "Tests", "Tests", "{0AB3BF05-4346-4AA6-1389-037BE0695223}"
EndProject
Project("{F2A71F9B-5D33-465A-A702-920D77279786}") = "Ds2.View3D.Tests", "..\..\Solutions\View\Ds2.View3D\Ds2.View3D.Tests\Ds2.View3D.Tests.fsproj", "{73182F5B-B242-4033-AF04-221F0CB0D8B2}"
EndProject
Project("{F2A71F9B-5D33-465A-A702-920D77279786}") = "Ds2.Store.Editor.Tests", "..\..\Solutions\Tests\Ds2.Store.Editor.Tests\Ds2.Store.Editor.Tests.fsproj", "{723F5807-B3BE-42AD-A78F-5D80F0374F8D}"
EndProject
Project("{F2A71F9B-5D33-465A-A702-920D77279786}") = "Ds2.Integration.Tests", "..\..\Solutions\Tests\Ds2.Integration.Tests\Ds2.Integration.Tests.fsproj", "{4F431800-E50A-4863-A9CC-0948B2AEC15E}"
EndProject
Project("{2150E333-8FDC-42A3-9474-1A3956D46DE8}") = "Tools", "Tools", "{07C2787E-EAC7-C090-1BA3-A61EC2A24D84}"
EndProject
Project("{F2A71F9B-5D33-465A-A702-920D77279786}") = "Ds2.TutorialVerification", "..\..\Solutions\Tools\Ds2.TutorialVerification\Ds2.TutorialVerification.fsproj", "{110D4779-E92E-4BA7-BC73-0222BB9658A5}"
EndProject
Global
	GlobalSection(SolutionConfigurationPlatforms) = preSolution
		Debug|Any CPU = Debug|Any CPU
		Debug|x64 = Debug|x64
		Debug|x86 = Debug|x86
		Release|Any CPU = Release|Any CPU
		Release|x64 = Release|x64
		Release|x86 = Release|x86
	EndGlobalSection
	GlobalSection(ProjectConfigurationPlatforms) = postSolution
		{59A0147F-C92E-4C12-B80E-A0A7373D9196}.Debug|Any CPU.ActiveCfg = Debug|Any CPU
		{59A0147F-C92E-4C12-B80E-A0A7373D9196}.Debug|Any CPU.Build.0 = Debug|Any CPU
		{59A0147F-C92E-4C12-B80E-A0A7373D9196}.Debug|x64.ActiveCfg = Debug|Any CPU
		{59A0147F-C92E-4C12-B80E-A0A7373D9196}.Debug|x64.Build.0 = Debug|Any CPU
		{59A0147F-C92E-4C12-B80E-A0A7373D9196}.Debug|x86.ActiveCfg = Debug|Any CPU
		{59A0147F-C92E-4C12-B80E-A0A7373D9196}.Debug|x86.Build.0 = Debug|Any CPU
		{59A0147F-C92E-4C12-B80E-A0A7373D9196}.Release|Any CPU.ActiveCfg = Release|Any CPU
		{59A0147F-C92E-4C12-B80E-A0A7373D9196}.Release|Any CPU.Build.0 = Release|Any CPU
		{59A0147F-C92E-4C12-B80E-A0A7373D9196}.Release|x64.ActiveCfg = Release|Any CPU
		{59A0147F-C92E-4C12-B80E-A0A7373D9196}.Release|x64.Build.0 = Release|Any CPU
		{59A0147F-C92E-4C12-B80E-A0A7373D9196}.Release|x86.ActiveCfg = Release|Any CPU
		{59A0147F-C92E-4C12-B80E-A0A7373D9196}.Release|x86.Build.0 = Release|Any CPU
		{7172C7AF-7FDB-41F9-9100-6448B9C3FFC8}.Debug|Any CPU.ActiveCfg = Debug|Any CPU
		{7172C7AF-7FDB-41F9-9100-6448B9C3FFC8}.Debug|Any CPU.Build.0 = Debug|Any CPU
		{7172C7AF-7FDB-41F9-9100-6448B9C3FFC8}.Debug|x64.ActiveCfg = Debug|Any CPU
		{7172C7AF-7FDB-41F9-9100-6448B9C3FFC8}.Debug|x64.Build.0 = Debug|Any CPU
		{7172C7AF-7FDB-41F9-9100-6448B9C3FFC8}.Debug|x86.ActiveCfg = Debug|Any CPU
		{7172C7AF-7FDB-41F9-9100-6448B9C3FFC8}.Debug|x86.Build.0 = Debug|Any CPU
		{7172C7AF-7FDB-41F9-9100-6448B9C3FFC8}.Release|Any CPU.ActiveCfg = Release|Any CPU
		{7172C7AF-7FDB-41F9-9100-6448B9C3FFC8}.Release|Any CPU.Build.0 = Release|Any CPU
		{7172C7AF-7FDB-41F9-9100-6448B9C3FFC8}.Release|x64.ActiveCfg = Release|Any CPU
		{7172C7AF-7FDB-41F9-9100-6448B9C3FFC8}.Release|x64.Build.0 = Release|Any CPU
		{7172C7AF-7FDB-41F9-9100-6448B9C3FFC8}.Release|x86.ActiveCfg = Release|Any CPU
		{7172C7AF-7FDB-41F9-9100-6448B9C3FFC8}.Release|x86.Build.0 = Release|Any CPU
		{7E5A8D3C-4B7F-4C61-9F71-1B313A2D4E90}.Debug|Any CPU.ActiveCfg = Debug|Any CPU
		{7E5A8D3C-4B7F-4C61-9F71-1B313A2D4E90}.Debug|Any CPU.Build.0 = Debug|Any CPU
		{7E5A8D3C-4B7F-4C61-9F71-1B313A2D4E90}.Debug|x64.ActiveCfg = Debug|Any CPU
		{7E5A8D3C-4B7F-4C61-9F71-1B313A2D4E90}.Debug|x64.Build.0 = Debug|Any CPU
		{7E5A8D3C-4B7F-4C61-9F71-1B313A2D4E90}.Debug|x86.ActiveCfg = Debug|Any CPU
		{7E5A8D3C-4B7F-4C61-9F71-1B313A2D4E90}.Debug|x86.Build.0 = Debug|Any CPU
		{7E5A8D3C-4B7F-4C61-9F71-1B313A2D4E90}.Release|Any CPU.ActiveCfg = Release|Any CPU
		{7E5A8D3C-4B7F-4C61-9F71-1B313A2D4E90}.Release|Any CPU.Build.0 = Release|Any CPU
		{7E5A8D3C-4B7F-4C61-9F71-1B313A2D4E90}.Release|x64.ActiveCfg = Release|Any CPU
		{7E5A8D3C-4B7F-4C61-9F71-1B313A2D4E90}.Release|x64.Build.0 = Release|Any CPU
		{7E5A8D3C-4B7F-4C61-9F71-1B313A2D4E90}.Release|x86.ActiveCfg = Release|Any CPU
		{7E5A8D3C-4B7F-4C61-9F71-1B313A2D4E90}.Release|x86.Build.0 = Release|Any CPU
		{C6CAEC50-CAF0-404E-87C1-5AB1EF398DF0}.Debug|Any CPU.ActiveCfg = Debug|Any CPU
		{C6CAEC50-CAF0-404E-87C1-5AB1EF398DF0}.Debug|Any CPU.Build.0 = Debug|Any CPU
		{C6CAEC50-CAF0-404E-87C1-5AB1EF398DF0}.Debug|x64.ActiveCfg = Debug|Any CPU
		{C6CAEC50-CAF0-404E-87C1-5AB1EF398DF0}.Debug|x64.Build.0 = Debug|Any CPU
		{C6CAEC50-CAF0-404E-87C1-5AB1EF398DF0}.Debug|x86.ActiveCfg = Debug|Any CPU
		{C6CAEC50-CAF0-404E-87C1-5AB1EF398DF0}.Debug|x86.Build.0 = Debug|Any CPU
		{C6CAEC50-CAF0-404E-87C1-5AB1EF398DF0}.Release|Any CPU.ActiveCfg = Release|Any CPU
		{C6CAEC50-CAF0-404E-87C1-5AB1EF398DF0}.Release|Any CPU.Build.0 = Release|Any CPU
		{C6CAEC50-CAF0-404E-87C1-5AB1EF398DF0}.Release|x64.ActiveCfg = Release|Any CPU
		{C6CAEC50-CAF0-404E-87C1-5AB1EF398DF0}.Release|x64.Build.0 = Release|Any CPU
		{C6CAEC50-CAF0-404E-87C1-5AB1EF398DF0}.Release|x86.ActiveCfg = Release|Any CPU
		{C6CAEC50-CAF0-404E-87C1-5AB1EF398DF0}.Release|x86.Build.0 = Release|Any CPU
		{4A6CDC1D-3972-F3A5-D5F7-4ACC5ECE9803}.Debug|Any CPU.ActiveCfg = Debug|Any CPU
		{4A6CDC1D-3972-F3A5-D5F7-4ACC5ECE9803}.Debug|Any CPU.Build.0 = Debug|Any CPU
		{4A6CDC1D-3972-F3A5-D5F7-4ACC5ECE9803}.Debug|x64.ActiveCfg = Debug|Any CPU
		{4A6CDC1D-3972-F3A5-D5F7-4ACC5ECE9803}.Debug|x64.Build.0 = Debug|Any CPU
		{4A6CDC1D-3972-F3A5-D5F7-4ACC5ECE9803}.Debug|x86.ActiveCfg = Debug|Any CPU
		{4A6CDC1D-3972-F3A5-D5F7-4ACC5ECE9803}.Debug|x86.Build.0 = Debug|Any CPU
		{4A6CDC1D-3972-F3A5-D5F7-4ACC5ECE9803}.Release|Any CPU.ActiveCfg = Release|Any CPU
		{4A6CDC1D-3972-F3A5-D5F7-4ACC5ECE9803}.Release|Any CPU.Build.0 = Release|Any CPU
		{4A6CDC1D-3972-F3A5-D5F7-4ACC5ECE9803}.Release|x64.ActiveCfg = Release|Any CPU
		{4A6CDC1D-3972-F3A5-D5F7-4ACC5ECE9803}.Release|x64.Build.0 = Release|Any CPU
		{4A6CDC1D-3972-F3A5-D5F7-4ACC5ECE9803}.Release|x86.ActiveCfg = Release|Any CPU
		{4A6CDC1D-3972-F3A5-D5F7-4ACC5ECE9803}.Release|x86.Build.0 = Release|Any CPU
		{80976CB2-9D58-87AA-3C9E-EC28CD9E20B1}.Debug|Any CPU.ActiveCfg = Debug|Any CPU
		{80976CB2-9D58-87AA-3C9E-EC28CD9E20B1}.Debug|Any CPU.Build.0 = Debug|Any CPU
		{80976CB2-9D58-87AA-3C9E-EC28CD9E20B1}.Debug|x64.ActiveCfg = Debug|Any CPU
		{80976CB2-9D58-87AA-3C9E-EC28CD9E20B1}.Debug|x64.Build.0 = Debug|Any CPU
		{80976CB2-9D58-87AA-3C9E-EC28CD9E20B1}.Debug|x86.ActiveCfg = Debug|Any CPU
		{80976CB2-9D58-87AA-3C9E-EC28CD9E20B1}.Debug|x86.Build.0 = Debug|Any CPU
		{80976CB2-9D58-87AA-3C9E-EC28CD9E20B1}.Release|Any CPU.ActiveCfg = Release|Any CPU
		{80976CB2-9D58-87AA-3C9E-EC28CD9E20B1}.Release|Any CPU.Build.0 = Release|Any CPU
		{80976CB2-9D58-87AA-3C9E-EC28CD9E20B1}.Release|x64.ActiveCfg = Release|Any CPU
		{80976CB2-9D58-87AA-3C9E-EC28CD9E20B1}.Release|x64.Build.0 = Release|Any CPU
		{80976CB2-9D58-87AA-3C9E-EC28CD9E20B1}.Release|x86.ActiveCfg = Release|Any CPU
		{80976CB2-9D58-87AA-3C9E-EC28CD9E20B1}.Release|x86.Build.0 = Release|Any CPU
		{1F7E5C8F-437E-53BA-46B6-38C96E39DEB0}.Debug|Any CPU.ActiveCfg = Debug|Any CPU
		{1F7E5C8F-437E-53BA-46B6-38C96E39DEB0}.Debug|Any CPU.Build.0 = Debug|Any CPU
		{1F7E5C8F-437E-53BA-46B6-38C96E39DEB0}.Debug|x64.ActiveCfg = Debug|Any CPU
		{1F7E5C8F-437E-53BA-46B6-38C96E39DEB0}.Debug|x64.Build.0 = Debug|Any CPU
		{1F7E5C8F-437E-53BA-46B6-38C96E39DEB0}.Debug|x86.ActiveCfg = Debug|Any CPU
		{1F7E5C8F-437E-53BA-46B6-38C96E39DEB0}.Debug|x86.Build.0 = Debug|Any CPU
		{1F7E5C8F-437E-53BA-46B6-38C96E39DEB0}.Release|Any CPU.ActiveCfg = Release|Any CPU
		{1F7E5C8F-437E-53BA-46B6-38C96E39DEB0}.Release|Any CPU.Build.0 = Release|Any CPU
		{1F7E5C8F-437E-53BA-46B6-38C96E39DEB0}.Release|x64.ActiveCfg = Release|Any CPU
		{1F7E5C8F-437E-53BA-46B6-38C96E39DEB0}.Release|x64.Build.0 = Release|Any CPU
		{1F7E5C8F-437E-53BA-46B6-38C96E39DEB0}.Release|x86.ActiveCfg = Release|Any CPU
		{1F7E5C8F-437E-53BA-46B6-38C96E39DEB0}.Release|x86.Build.0 = Release|Any CPU
		{B3781C96-464C-4F4C-8BD8-9BBEDEF01BA3}.Debug|Any CPU.ActiveCfg = Debug|Any CPU
		{B3781C96-464C-4F4C-8BD8-9BBEDEF01BA3}.Debug|Any CPU.Build.0 = Debug|Any CPU
		{B3781C96-464C-4F4C-8BD8-9BBEDEF01BA3}.Debug|x64.ActiveCfg = Debug|Any CPU
		{B3781C96-464C-4F4C-8BD8-9BBEDEF01BA3}.Debug|x64.Build.0 = Debug|Any CPU
		{B3781C96-464C-4F4C-8BD8-9BBEDEF01BA3}.Debug|x86.ActiveCfg = Debug|Any CPU
		{B3781C96-464C-4F4C-8BD8-9BBEDEF01BA3}.Debug|x86.Build.0 = Debug|Any CPU
		{B3781C96-464C-4F4C-8BD8-9BBEDEF01BA3}.Release|Any CPU.ActiveCfg = Release|Any CPU
		{B3781C96-464C-4F4C-8BD8-9BBEDEF01BA3}.Release|Any CPU.Build.0 = Release|Any CPU
		{B3781C96-464C-4F4C-8BD8-9BBEDEF01BA3}.Release|x64.ActiveCfg = Release|Any CPU
		{B3781C96-464C-4F4C-8BD8-9BBEDEF01BA3}.Release|x64.Build.0 = Release|Any CPU
		{B3781C96-464C-4F4C-8BD8-9BBEDEF01BA3}.Release|x86.ActiveCfg = Release|Any CPU
		{B3781C96-464C-4F4C-8BD8-9BBEDEF01BA3}.Release|x86.Build.0 = Release|Any CPU
		{E9D3E8B5-B450-B801-DDAA-C372BC03EC07}.Debug|Any CPU.ActiveCfg = Debug|Any CPU
		{E9D3E8B5-B450-B801-DDAA-C372BC03EC07}.Debug|Any CPU.Build.0 = Debug|Any CPU
		{E9D3E8B5-B450-B801-DDAA-C372BC03EC07}.Debug|x64.ActiveCfg = Debug|Any CPU
		{E9D3E8B5-B450-B801-DDAA-C372BC03EC07}.Debug|x64.Build.0 = Debug|Any CPU
		{E9D3E8B5-B450-B801-DDAA-C372BC03EC07}.Debug|x86.ActiveCfg = Debug|Any CPU
		{E9D3E8B5-B450-B801-DDAA-C372BC03EC07}.Debug|x86.Build.0 = Debug|Any CPU
		{E9D3E8B5-B450-B801-DDAA-C372BC03EC07}.Release|Any CPU.ActiveCfg = Release|Any CPU
		{E9D3E8B5-B450-B801-DDAA-C372BC03EC07}.Release|Any CPU.Build.0 = Release|Any CPU
		{E9D3E8B5-B450-B801-DDAA-C372BC03EC07}.Release|x64.ActiveCfg = Release|Any CPU
		{E9D3E8B5-B450-B801-DDAA-C372BC03EC07}.Release|x64.Build.0 = Release|Any CPU
		{E9D3E8B5-B450-B801-DDAA-C372BC03EC07}.Release|x86.ActiveCfg = Release|Any CPU
		{E9D3E8B5-B450-B801-DDAA-C372BC03EC07}.Release|x86.Build.0 = Release|Any CPU
		{B2C3D4E5-F6A7-4890-B2C3-D4E5F6A78901}.Debug|Any CPU.ActiveCfg = Debug|Any CPU
		{B2C3D4E5-F6A7-4890-B2C3-D4E5F6A78901}.Debug|Any CPU.Build.0 = Debug|Any CPU
		{B2C3D4E5-F6A7-4890-B2C3-D4E5F6A78901}.Debug|x64.ActiveCfg = Debug|Any CPU
		{B2C3D4E5-F6A7-4890-B2C3-D4E5F6A78901}.Debug|x64.Build.0 = Debug|Any CPU
		{B2C3D4E5-F6A7-4890-B2C3-D4E5F6A78901}.Debug|x86.ActiveCfg = Debug|Any CPU
		{B2C3D4E5-F6A7-4890-B2C3-D4E5F6A78901}.Debug|x86.Build.0 = Debug|Any CPU
		{B2C3D4E5-F6A7-4890-B2C3-D4E5F6A78901}.Release|Any CPU.ActiveCfg = Release|Any CPU
		{B2C3D4E5-F6A7-4890-B2C3-D4E5F6A78901}.Release|Any CPU.Build.0 = Release|Any CPU
		{B2C3D4E5-F6A7-4890-B2C3-D4E5F6A78901}.Release|x64.ActiveCfg = Release|Any CPU
		{B2C3D4E5-F6A7-4890-B2C3-D4E5F6A78901}.Release|x64.Build.0 = Release|Any CPU
		{B2C3D4E5-F6A7-4890-B2C3-D4E5F6A78901}.Release|x86.ActiveCfg = Release|Any CPU
		{B2C3D4E5-F6A7-4890-B2C3-D4E5F6A78901}.Release|x86.Build.0 = Release|Any CPU
		{D53E9672-CC23-4D56-98AF-6A605E8C2460}.Debug|Any CPU.ActiveCfg = Debug|Any CPU
		{D53E9672-CC23-4D56-98AF-6A605E8C2460}.Debug|Any CPU.Build.0 = Debug|Any CPU
		{D53E9672-CC23-4D56-98AF-6A605E8C2460}.Debug|x64.ActiveCfg = Debug|Any CPU
		{D53E9672-CC23-4D56-98AF-6A605E8C2460}.Debug|x64.Build.0 = Debug|Any CPU
		{D53E9672-CC23-4D56-98AF-6A605E8C2460}.Debug|x86.ActiveCfg = Debug|Any CPU
		{D53E9672-CC23-4D56-98AF-6A605E8C2460}.Debug|x86.Build.0 = Debug|Any CPU
		{D53E9672-CC23-4D56-98AF-6A605E8C2460}.Release|Any CPU.ActiveCfg = Release|Any CPU
		{D53E9672-CC23-4D56-98AF-6A605E8C2460}.Release|Any CPU.Build.0 = Release|Any CPU
		{D53E9672-CC23-4D56-98AF-6A605E8C2460}.Release|x64.ActiveCfg = Release|Any CPU
		{D53E9672-CC23-4D56-98AF-6A605E8C2460}.Release|x64.Build.0 = Release|Any CPU
		{D53E9672-CC23-4D56-98AF-6A605E8C2460}.Release|x86.ActiveCfg = Release|Any CPU
		{D53E9672-CC23-4D56-98AF-6A605E8C2460}.Release|x86.Build.0 = Release|Any CPU
		{361CDEA6-9827-4676-893C-72DE2C2312CC}.Debug|Any CPU.ActiveCfg = Debug|Any CPU
		{361CDEA6-9827-4676-893C-72DE2C2312CC}.Debug|Any CPU.Build.0 = Debug|Any CPU
		{361CDEA6-9827-4676-893C-72DE2C2312CC}.Debug|x64.ActiveCfg = Debug|Any CPU
		{361CDEA6-9827-4676-893C-72DE2C2312CC}.Debug|x64.Build.0 = Debug|Any CPU
		{361CDEA6-9827-4676-893C-72DE2C2312CC}.Debug|x86.ActiveCfg = Debug|Any CPU
		{361CDEA6-9827-4676-893C-72DE2C2312CC}.Debug|x86.Build.0 = Debug|Any CPU
		{361CDEA6-9827-4676-893C-72DE2C2312CC}.Release|Any CPU.ActiveCfg = Release|Any CPU
		{361CDEA6-9827-4676-893C-72DE2C2312CC}.Release|Any CPU.Build.0 = Release|Any CPU
		{361CDEA6-9827-4676-893C-72DE2C2312CC}.Release|x64.ActiveCfg = Release|Any CPU
		{361CDEA6-9827-4676-893C-72DE2C2312CC}.Release|x64.Build.0 = Release|Any CPU
		{361CDEA6-9827-4676-893C-72DE2C2312CC}.Release|x86.ActiveCfg = Release|Any CPU
		{361CDEA6-9827-4676-893C-72DE2C2312CC}.Release|x86.Build.0 = Release|Any CPU
		{73182F5B-B242-4033-AF04-221F0CB0D8B2}.Debug|Any CPU.ActiveCfg = Debug|Any CPU
		{73182F5B-B242-4033-AF04-221F0CB0D8B2}.Debug|Any CPU.Build.0 = Debug|Any CPU
		{73182F5B-B242-4033-AF04-221F0CB0D8B2}.Debug|x64.ActiveCfg = Debug|Any CPU
		{73182F5B-B242-4033-AF04-221F0CB0D8B2}.Debug|x64.Build.0 = Debug|Any CPU
		{73182F5B-B242-4033-AF04-221F0CB0D8B2}.Debug|x86.ActiveCfg = Debug|Any CPU
		{73182F5B-B242-4033-AF04-221F0CB0D8B2}.Debug|x86.Build.0 = Debug|Any CPU
		{73182F5B-B242-4033-AF04-221F0CB0D8B2}.Release|Any CPU.ActiveCfg = Release|Any CPU
		{73182F5B-B242-4033-AF04-221F0CB0D8B2}.Release|Any CPU.Build.0 = Release|Any CPU
		{73182F5B-B242-4033-AF04-221F0CB0D8B2}.Release|x64.ActiveCfg = Release|Any CPU
		{73182F5B-B242-4033-AF04-221F0CB0D8B2}.Release|x64.Build.0 = Release|Any CPU
		{73182F5B-B242-4033-AF04-221F0CB0D8B2}.Release|x86.ActiveCfg = Release|Any CPU
		{73182F5B-B242-4033-AF04-221F0CB0D8B2}.Release|x86.Build.0 = Release|Any CPU
		{723F5807-B3BE-42AD-A78F-5D80F0374F8D}.Debug|Any CPU.ActiveCfg = Debug|Any CPU
		{723F5807-B3BE-42AD-A78F-5D80F0374F8D}.Debug|Any CPU.Build.0 = Debug|Any CPU
		{723F5807-B3BE-42AD-A78F-5D80F0374F8D}.Debug|x64.ActiveCfg = Debug|Any CPU
		{723F5807-B3BE-42AD-A78F-5D80F0374F8D}.Debug|x64.Build.0 = Debug|Any CPU
		{723F5807-B3BE-42AD-A78F-5D80F0374F8D}.Debug|x86.ActiveCfg = Debug|Any CPU
		{723F5807-B3BE-42AD-A78F-5D80F0374F8D}.Debug|x86.Build.0 = Debug|Any CPU
		{723F5807-B3BE-42AD-A78F-5D80F0374F8D}.Release|Any CPU.ActiveCfg = Release|Any CPU
		{723F5807-B3BE-42AD-A78F-5D80F0374F8D}.Release|Any CPU.Build.0 = Release|Any CPU
		{723F5807-B3BE-42AD-A78F-5D80F0374F8D}.Release|x64.ActiveCfg = Release|Any CPU
		{723F5807-B3BE-42AD-A78F-5D80F0374F8D}.Release|x64.Build.0 = Release|Any CPU
		{723F5807-B3BE-42AD-A78F-5D80F0374F8D}.Release|x86.ActiveCfg = Release|Any CPU
		{723F5807-B3BE-42AD-A78F-5D80F0374F8D}.Release|x86.Build.0 = Release|Any CPU
		{4F431800-E50A-4863-A9CC-0948B2AEC15E}.Debug|Any CPU.ActiveCfg = Debug|Any CPU
		{4F431800-E50A-4863-A9CC-0948B2AEC15E}.Debug|Any CPU.Build.0 = Debug|Any CPU
		{4F431800-E50A-4863-A9CC-0948B2AEC15E}.Debug|x64.ActiveCfg = Debug|Any CPU
		{4F431800-E50A-4863-A9CC-0948B2AEC15E}.Debug|x64.Build.0 = Debug|Any CPU
		{4F431800-E50A-4863-A9CC-0948B2AEC15E}.Debug|x86.ActiveCfg = Debug|Any CPU
		{4F431800-E50A-4863-A9CC-0948B2AEC15E}.Debug|x86.Build.0 = Debug|Any CPU
		{4F431800-E50A-4863-A9CC-0948B2AEC15E}.Release|Any CPU.ActiveCfg = Release|Any CPU
		{4F431800-E50A-4863-A9CC-0948B2AEC15E}.Release|Any CPU.Build.0 = Release|Any CPU
		{4F431800-E50A-4863-A9CC-0948B2AEC15E}.Release|x64.ActiveCfg = Release|Any CPU
		{4F431800-E50A-4863-A9CC-0948B2AEC15E}.Release|x64.Build.0 = Release|Any CPU
		{4F431800-E50A-4863-A9CC-0948B2AEC15E}.Release|x86.ActiveCfg = Release|Any CPU
		{4F431800-E50A-4863-A9CC-0948B2AEC15E}.Release|x86.Build.0 = Release|Any CPU
		{110D4779-E92E-4BA7-BC73-0222BB9658A5}.Debug|Any CPU.ActiveCfg = Debug|Any CPU
		{110D4779-E92E-4BA7-BC73-0222BB9658A5}.Debug|Any CPU.Build.0 = Debug|Any CPU
		{110D4779-E92E-4BA7-BC73-0222BB9658A5}.Debug|x64.ActiveCfg = Debug|Any CPU
		{110D4779-E92E-4BA7-BC73-0222BB9658A5}.Debug|x64.Build.0 = Debug|Any CPU
		{110D4779-E92E-4BA7-BC73-0222BB9658A5}.Debug|x86.ActiveCfg = Debug|Any CPU
		{110D4779-E92E-4BA7-BC73-0222BB9658A5}.Debug|x86.Build.0 = Debug|Any CPU
		{110D4779-E92E-4BA7-BC73-0222BB9658A5}.Release|Any CPU.ActiveCfg = Release|Any CPU
		{110D4779-E92E-4BA7-BC73-0222BB9658A5}.Release|Any CPU.Build.0 = Release|Any CPU
		{110D4779-E92E-4BA7-BC73-0222BB9658A5}.Release|x64.ActiveCfg = Release|Any CPU
		{110D4779-E92E-4BA7-BC73-0222BB9658A5}.Release|x64.Build.0 = Release|Any CPU
		{110D4779-E92E-4BA7-BC73-0222BB9658A5}.Release|x86.ActiveCfg = Release|Any CPU
		{110D4779-E92E-4BA7-BC73-0222BB9658A5}.Release|x86.Build.0 = Release|Any CPU
	EndGlobalSection
	GlobalSection(SolutionProperties) = preSolution
		HideSolutionNode = FALSE
	EndGlobalSection
	GlobalSection(NestedProjects) = preSolution
		{7172C7AF-7FDB-41F9-9100-6448B9C3FFC8} = {FBF56CC3-7AE6-AD2D-3F14-7F97FD322CD6}
		{7E5A8D3C-4B7F-4C61-9F71-1B313A2D4E90} = {FBF56CC3-7AE6-AD2D-3F14-7F97FD322CD6}
		{C6CAEC50-CAF0-404E-87C1-5AB1EF398DF0} = {32D75892-898E-D609-233A-CF2C4E30EFFC}
		{4A6CDC1D-3972-F3A5-D5F7-4ACC5ECE9803} = {C8D5274F-AC00-46C7-1F8D-E88E81087A52}
		{80976CB2-9D58-87AA-3C9E-EC28CD9E20B1} = {C8D5274F-AC00-46C7-1F8D-E88E81087A52}
		{1F7E5C8F-437E-53BA-46B6-38C96E39DEB0} = {32D75892-898E-D609-233A-CF2C4E30EFFC}
		{B3781C96-464C-4F4C-8BD8-9BBEDEF01BA3} = {32D75892-898E-D609-233A-CF2C4E30EFFC}
		{E9D3E8B5-B450-B801-DDAA-C372BC03EC07} = {32D75892-898E-D609-233A-CF2C4E30EFFC}
		{B2C3D4E5-F6A7-4890-B2C3-D4E5F6A78901} = {FBF56CC3-7AE6-AD2D-3F14-7F97FD322CD6}
		{361CDEA6-9827-4676-893C-72DE2C2312CC} = {32D75892-898E-D609-233A-CF2C4E30EFFC}
		{73182F5B-B242-4033-AF04-221F0CB0D8B2} = {0AB3BF05-4346-4AA6-1389-037BE0695223}
		{723F5807-B3BE-42AD-A78F-5D80F0374F8D} = {0AB3BF05-4346-4AA6-1389-037BE0695223}
		{4F431800-E50A-4863-A9CC-0948B2AEC15E} = {0AB3BF05-4346-4AA6-1389-037BE0695223}
		{110D4779-E92E-4BA7-BC73-0222BB9658A5} = {07C2787E-EAC7-C090-1BA3-A61EC2A24D84}
	EndGlobalSection
	GlobalSection(ExtensibilityGlobals) = postSolution
		SolutionGuid = {AD66CC33-97C4-4724-B4C6-85FA7C0CCAD2}
	EndGlobalSection
EndGlobal
